
Microsoft Visual Studio Solution File, Format Version 12.00
# Visual Studio Version 17
VisualStudioVersion = 17.1.32414.318
MinimumVisualStudioVersion = 10.0.40219.1
Project("{9A19103F-16F7-4668-BE54-9A1E7A4F7556}") = "DeskLamp", "DeskLamp.csproj", "{CF1C63B2-A44D-49F8-8ED4-405ACD48C44B}"
EndProject
Project("{9A19103F-16F7-4668-BE54-9A1E7A4F7556}") = "DeskLampTest", "DeskLampTest\DeskLampTest.csproj", "{ED622CBE-EC7E-4E63-B1BD-87AF13159B30}"
EndProject
Global
	GlobalSection(SolutionConfigurationPlatforms) = preSolution
		Debug|Any CPU = Debug|Any CPU
		Release|Any CPU = Release|Any CPU
		Test|Any CPU = Test|Any CPU
	EndGlobalSection
	GlobalSection(ProjectConfigurationPlatforms) = postSolution
		{CF1C63B2-A44D-49F8-8ED4-405ACD48C44B}.Debug|Any CPU.ActiveCfg = Debug|Any CPU
		{CF1C63B2-A44D-49F8-8ED4-405ACD48C44B}.Debug|Any CPU.Build.0 = Debug|Any CPU
		{CF1C63B2-A44D-49F8-8ED4-405ACD48C44B}.Release|Any CPU.ActiveCfg = Release|Any CPU
		{CF1C63B2-A44D-49F8-8ED4-405ACD48C44B}.Release|Any CPU.Build.0 = Release|Any CPU
		{CF1C63B2-A44D-49F8-8ED4-405ACD48C44B}.Test|Any CPU.ActiveCfg = Test|Any CPU
		{CF1C63B2-A44D-49F8-8ED4-405ACD48C44B}.Test|Any CPU.Build.0 = Test|Any CPU
		{ED622CBE-EC7E-4E63-B1BD-87AF13159B30}.Debug|Any CPU.ActiveCfg = Debug|Any CPU
		{ED622CBE-EC7E-4E63-B1BD-87AF13159B30}.Debug|Any CPU.Build.0 = Debug|Any CPU
		{ED622CBE-EC7E-4E63-B1BD-87AF13159B30}.Release|Any CPU.ActiveCfg = Release|Any CPU
		{ED622CBE-EC7E-4E63-B1BD-87AF13159B30}.Release|Any CPU.Build.0 = Release|Any CPU
		{ED622CBE-EC7E-4E63-B1BD-87AF13159B30}.Test|Any CPU.ActiveCfg = Debug|Any CPU
		{ED622CBE-EC7E-4E63-B1BD-87AF13159B30}.Test|Any CPU.Build.0 = Debug|Any CPU
	EndGlobalSection
	GlobalSection(SolutionProperties) = preSolution
		HideSolutionNode = FALSE
	EndGlobalSection
	GlobalSection(ExtensibilityGlobals) = postSolution
		SolutionGuid = {5A89CDD8-BF87-4DC0-AD52-C4B0FEFE4887}
	EndGlobalSection
EndGlobal
